
Microsoft Visual Studio Solution File, Format Version 12.00
# Visual Studio Version 17
VisualStudioVersion = 17.5.33530.505
MinimumVisualStudioVersion = 10.0.40219.1
Project("{FAE04EC0-301F-11D3-BF4B-00C04F79EFBC}") = "WalletApp", "WalletApp\WalletApp.csproj", "{43A0591F-6637-4EC6-BDEB-6FCD24F3E731}"
EndProject
Global
	GlobalSection(SolutionConfigurationPlatforms) = preSolution
		Debug|Any CPU = Debug|Any CPU
		Release|Any CPU = Release|Any CPU
	EndGlobalSection
	GlobalSection(ProjectConfigurationPlatforms) = postSolution
		{43A0591F-6637-4EC6-BDEB-6FCD24F3E731}.Debug|Any CPU.ActiveCfg = Debug|Any CPU
		{43A0591F-6637-4EC6-BDEB-6FCD24F3E731}.Debug|Any CPU.Build.0 = Debug|Any CPU
		{43A0591F-6637-4EC6-BDEB-6FCD24F3E731}.Release|Any CPU.ActiveCfg = Release|Any CPU
		{43A0591F-6637-4EC6-BDEB-6FCD24F3E731}.Release|Any CPU.Build.0 = Release|Any CPU
	EndGlobalSection
	GlobalSection(SolutionProperties) = preSolution
		HideSolutionNode = FALSE
	EndGlobalSection
	GlobalSection(ExtensibilityGlobals) = postSolution
		SolutionGuid = {3B89D42E-B0C0-4639-8694-956D7862467F}
	EndGlobalSection
EndGlobal
